// !$*UTF8*$!
{
	archiveVersion = 1;
	classes = {
	};
	objectVersion = 51;
	objects = {

/* Begin PBXBuildFile section */
		81D8F86B5226BA3F7917DB8F /* Pods_Music_Memory.framework in Frameworks */ = {isa = PBXBuildFile; fileRef = BBADCBE2DF6B5301391BA34C /* Pods_Music_Memory.framework */; };
		D0133DB423C55668004A6FEA /* InterestsViewController.swift in Sources */ = {isa = PBXBuildFile; fileRef = D0133DB323C55668004A6FEA /* InterestsViewController.swift */; };
		D049F31823C1623C004F7CFE /* help.png in Resources */ = {isa = PBXBuildFile; fileRef = D049F31723C1623C004F7CFE /* help.png */; };
		D064B09823C178A80047A54E /* blue.mp4 in Resources */ = {isa = PBXBuildFile; fileRef = D064B09723C178A80047A54E /* blue.mp4 */; };
		D064B09A23C17DBF0047A54E /* Sanchezregular.otf in Resources */ = {isa = PBXBuildFile; fileRef = D064B09923C17DBF0047A54E /* Sanchezregular.otf */; };
		D095ABBF23C97FC600445B3F /* SettingsViewController.swift in Sources */ = {isa = PBXBuildFile; fileRef = D095ABBE23C97FC600445B3F /* SettingsViewController.swift */; };
		D096B11323BEF1E800C857E6 /* splash.png in Resources */ = {isa = PBXBuildFile; fileRef = D096B11223BEF1E800C857E6 /* splash.png */; };
		D096B11723BEF6F900C857E6 /* PageViewController.swift in Sources */ = {isa = PBXBuildFile; fileRef = D096B11623BEF6F900C857E6 /* PageViewController.swift */; };
		D09A7F0023E783E800987075 /* miami.mp4 in Resources */ = {isa = PBXBuildFile; fileRef = D09A7EFF23E783E800987075 /* miami.mp4 */; };
		D0B2088F23B45B5100E361C4 /* InterestCollectionViewCell.swift in Sources */ = {isa = PBXBuildFile; fileRef = D0B2088E23B45B5100E361C4 /* InterestCollectionViewCell.swift */; };
		D0C6194D23BF002800B22506 /* unknownArtwork.png in Resources */ = {isa = PBXBuildFile; fileRef = D0C6194C23BF002800B22506 /* unknownArtwork.png */; };
		D0C7D40023C01217003F8B40 /* sbMainViewController.swift in Sources */ = {isa = PBXBuildFile; fileRef = D0C7D3FF23C01217003F8B40 /* sbMainViewController.swift */; };
		D0F5A4CA23B0886400EEC6D8 /* AppDelegate.swift in Sources */ = {isa = PBXBuildFile; fileRef = D0F5A4C923B0886400EEC6D8 /* AppDelegate.swift */; };
		D0F5A4CC23B0886400EEC6D8 /* SceneDelegate.swift in Sources */ = {isa = PBXBuildFile; fileRef = D0F5A4CB23B0886400EEC6D8 /* SceneDelegate.swift */; };
		D0F5A4CE23B0886400EEC6D8 /* ViewController.swift in Sources */ = {isa = PBXBuildFile; fileRef = D0F5A4CD23B0886400EEC6D8 /* ViewController.swift */; };
		D0F5A4D123B0886400EEC6D8 /* Main.storyboard in Resources */ = {isa = PBXBuildFile; fileRef = D0F5A4CF23B0886400EEC6D8 /* Main.storyboard */; };
		D0F5A4D423B0886400EEC6D8 /* Music_Memory.xcdatamodeld in Sources */ = {isa = PBXBuildFile; fileRef = D0F5A4D223B0886400EEC6D8 /* Music_Memory.xcdatamodeld */; };
		D0F5A4D623B0886700EEC6D8 /* Assets.xcassets in Resources */ = {isa = PBXBuildFile; fileRef = D0F5A4D523B0886700EEC6D8 /* Assets.xcassets */; };
		D0F5A4D923B0886700EEC6D8 /* LaunchScreen.storyboard in Resources */ = {isa = PBXBuildFile; fileRef = D0F5A4D723B0886700EEC6D8 /* LaunchScreen.storyboard */; };
		D0FB853323C189D900AB35E6 /* PermissionViewController.swift in Sources */ = {isa = PBXBuildFile; fileRef = D0FB853223C189D900AB35E6 /* PermissionViewController.swift */; };
/* End PBXBuildFile section */

/* Begin PBXFileReference section */
		AFC2C7558529CCB04711A1BA /* Pods-Music Memory.debug.xcconfig */ = {isa = PBXFileReference; includeInIndex = 1; lastKnownFileType = text.xcconfig; name = "Pods-Music Memory.debug.xcconfig"; path = "Target Support Files/Pods-Music Memory/Pods-Music Memory.debug.xcconfig"; sourceTree = "<group>"; };
		BBADCBE2DF6B5301391BA34C /* Pods_Music_Memory.framework */ = {isa = PBXFileReference; explicitFileType = wrapper.framework; includeInIndex = 0; path = Pods_Music_Memory.framework; sourceTree = BUILT_PRODUCTS_DIR; };
		D0133DB323C55668004A6FEA /* InterestsViewController.swift */ = {isa = PBXFileReference; fileEncoding = 4; lastKnownFileType = sourcecode.swift; path = InterestsViewController.swift; sourceTree = "<group>"; };
		D049F31723C1623C004F7CFE /* help.png */ = {isa = PBXFileReference; lastKnownFileType = image.png; path = help.png; sourceTree = SOURCE_ROOT; };
		D064B09723C178A80047A54E /* blue.mp4 */ = {isa = PBXFileReference; lastKnownFileType = file; path = blue.mp4; sourceTree = SOURCE_ROOT; };
		D064B09923C17DBF0047A54E /* Sanchezregular.otf */ = {isa = PBXFileReference; lastKnownFileType = file; path = Sanchezregular.otf; sourceTree = SOURCE_ROOT; };
		D095ABBE23C97FC600445B3F /* SettingsViewController.swift */ = {isa = PBXFileReference; fileEncoding = 4; lastKnownFileType = sourcecode.swift; path = SettingsViewController.swift; sourceTree = "<group>"; };
		D096B11223BEF1E800C857E6 /* splash.png */ = {isa = PBXFileReference; lastKnownFileType = image.png; path = splash.png; sourceTree = SOURCE_ROOT; };
		D096B11623BEF6F900C857E6 /* PageViewController.swift */ = {isa = PBXFileReference; lastKnownFileType = sourcecode.swift; path = PageViewController.swift; sourceTree = "<group>"; };
		D09A7EFF23E783E800987075 /* miami.mp4 */ = {isa = PBXFileReference; lastKnownFileType = file; path = miami.mp4; sourceTree = SOURCE_ROOT; };
		D0B2088E23B45B5100E361C4 /* InterestCollectionViewCell.swift */ = {isa = PBXFileReference; lastKnownFileType = sourcecode.swift; path = InterestCollectionViewCell.swift; sourceTree = "<group>"; };
		D0C6194C23BF002800B22506 /* unknownArtwork.png */ = {isa = PBXFileReference; lastKnownFileType = image.png; path = unknownArtwork.png; sourceTree = SOURCE_ROOT; };
		D0C7D3FF23C01217003F8B40 /* sbMainViewController.swift */ = {isa = PBXFileReference; lastKnownFileType = sourcecode.swift; path = sbMainViewController.swift; sourceTree = "<group>"; };
		D0F5A4C623B0886400EEC6D8 /* Music Hop.app */ = {isa = PBXFileReference; explicitFileType = wrapper.application; includeInIndex = 0; path = "Music Hop.app"; sourceTree = BUILT_PRODUCTS_DIR; };
		D0F5A4C923B0886400EEC6D8 /* AppDelegate.swift */ = {isa = PBXFileReference; lastKnownFileType = sourcecode.swift; path = AppDelegate.swift; sourceTree = "<group>"; };
		D0F5A4CB23B0886400EEC6D8 /* SceneDelegate.swift */ = {isa = PBXFileReference; lastKnownFileType = sourcecode.swift; path = SceneDelegate.swift; sourceTree = "<group>"; };
		D0F5A4CD23B0886400EEC6D8 /* ViewController.swift */ = {isa = PBXFileReference; lastKnownFileType = sourcecode.swift; path = ViewController.swift; sourceTree = "<group>"; };
		D0F5A4D023B0886400EEC6D8 /* Base */ = {isa = PBXFileReference; lastKnownFileType = file.storyboard; name = Base; path = Base.lproj/Main.storyboard; sourceTree = "<group>"; };
		D0F5A4D323B0886400EEC6D8 /* Music_Memory.xcdatamodel */ = {isa = PBXFileReference; lastKnownFileType = wrapper.xcdatamodel; path = Music_Memory.xcdatamodel; sourceTree = "<group>"; };
		D0F5A4D523B0886700EEC6D8 /* Assets.xcassets */ = {isa = PBXFileReference; lastKnownFileType = folder.assetcatalog; path = Assets.xcassets; sourceTree = "<group>"; };
		D0F5A4D823B0886700EEC6D8 /* Base */ = {isa = PBXFileReference; lastKnownFileType = file.storyboard; name = Base; path = Base.lproj/LaunchScreen.storyboard; sourceTree = "<group>"; };
		D0F5A4DA23B0886700EEC6D8 /* Info.plist */ = {isa = PBXFileReference; lastKnownFileType = text.plist.xml; path = Info.plist; sourceTree = "<group>"; };
		D0FB853223C189D900AB35E6 /* PermissionViewController.swift */ = {isa = PBXFileReference; lastKnownFileType = sourcecode.swift; path = PermissionViewController.swift; sourceTree = "<group>"; };
		DE403E47C635DAC3E9AAB42D /* Pods-Music Memory.release.xcconfig */ = {isa = PBXFileReference; includeInIndex = 1; lastKnownFileType = text.xcconfig; name = "Pods-Music Memory.release.xcconfig"; path = "Target Support Files/Pods-Music Memory/Pods-Music Memory.release.xcconfig"; sourceTree = "<group>"; };
/* End PBXFileReference section */

/* Begin PBXFrameworksBuildPhase section */
		D0F5A4C323B0886400EEC6D8 /* Frameworks */ = {
			isa = PBXFrameworksBuildPhase;
			buildActionMask = 2147483647;
			files = (
				81D8F86B5226BA3F7917DB8F /* Pods_Music_Memory.framework in Frameworks */,
			);
			runOnlyForDeploymentPostprocessing = 0;
		};
/* End PBXFrameworksBuildPhase section */

/* Begin PBXGroup section */
		3D1601A0EDE910828CD644A7 /* Frameworks */ = {
			isa = PBXGroup;
			children = (
				BBADCBE2DF6B5301391BA34C /* Pods_Music_Memory.framework */,
			);
			name = Frameworks;
			sourceTree = "<group>";
		};
		8DAC52E528BD3648C799C5A5 /* Pods */ = {
			isa = PBXGroup;
			children = (
				AFC2C7558529CCB04711A1BA /* Pods-Music Memory.debug.xcconfig */,
				DE403E47C635DAC3E9AAB42D /* Pods-Music Memory.release.xcconfig */,
			);
			path = Pods;
			sourceTree = "<group>";
		};
		D0F5A4BD23B0886400EEC6D8 = {
			isa = PBXGroup;
			children = (
				D0F5A4C823B0886400EEC6D8 /* Music Memory */,
				D0F5A4C723B0886400EEC6D8 /* Products */,
				8DAC52E528BD3648C799C5A5 /* Pods */,
				3D1601A0EDE910828CD644A7 /* Frameworks */,
			);
			sourceTree = "<group>";
		};
		D0F5A4C723B0886400EEC6D8 /* Products */ = {
			isa = PBXGroup;
			children = (
				D0F5A4C623B0886400EEC6D8 /* Music Hop.app */,
			);
			name = Products;
			sourceTree = "<group>";
		};
		D0F5A4C823B0886400EEC6D8 /* Music Memory */ = {
			isa = PBXGroup;
			children = (
				D0F5A4CF23B0886400EEC6D8 /* Main.storyboard */,
				D0F5A4D723B0886700EEC6D8 /* LaunchScreen.storyboard */,
				D0F5A4C923B0886400EEC6D8 /* AppDelegate.swift */,
				D0F5A4CB23B0886400EEC6D8 /* SceneDelegate.swift */,
				D0F5A4CD23B0886400EEC6D8 /* ViewController.swift */,
				D096B11623BEF6F900C857E6 /* PageViewController.swift */,
				D0B2088E23B45B5100E361C4 /* InterestCollectionViewCell.swift */,
				D0133DB323C55668004A6FEA /* InterestsViewController.swift */,
				D0C7D3FF23C01217003F8B40 /* sbMainViewController.swift */,
				D0FB853223C189D900AB35E6 /* PermissionViewController.swift */,
				D095ABBE23C97FC600445B3F /* SettingsViewController.swift */,
				D0F5A4D523B0886700EEC6D8 /* Assets.xcassets */,
				D096B11223BEF1E800C857E6 /* splash.png */,
				D0F5A4DA23B0886700EEC6D8 /* Info.plist */,
				D049F31723C1623C004F7CFE /* help.png */,
				D0F5A4D223B0886400EEC6D8 /* Music_Memory.xcdatamodeld */,
				D064B09723C178A80047A54E /* blue.mp4 */,
				D064B09923C17DBF0047A54E /* Sanchezregular.otf */,
				D0C6194C23BF002800B22506 /* unknownArtwork.png */,
				D09A7EFF23E783E800987075 /* miami.mp4 */,
			);
			path = "Music Memory";
			sourceTree = "<group>";
		};
/* End PBXGroup section */

/* Begin PBXNativeTarget section */
		D0F5A4C523B0886400EEC6D8 /* Music Memory */ = {
			isa = PBXNativeTarget;
			buildConfigurationList = D0F5A4DD23B0886700EEC6D8 /* Build configuration list for PBXNativeTarget "Music Memory" */;
			buildPhases = (
				13E190C78B88C1623A2BC518 /* [CP] Check Pods Manifest.lock */,
				D0F5A4C223B0886400EEC6D8 /* Sources */,
				D0F5A4C323B0886400EEC6D8 /* Frameworks */,
				D0F5A4C423B0886400EEC6D8 /* Resources */,
				EEE349EE4678F779C249FF12 /* [CP] Embed Pods Frameworks */,
			);
			buildRules = (
			);
			dependencies = (
			);
			name = "Music Memory";
			productName = "Music Memory";
			productReference = D0F5A4C623B0886400EEC6D8 /* Music Hop.app */;
			productType = "com.apple.product-type.application";
		};
/* End PBXNativeTarget section */

/* Begin PBXProject section */
		D0F5A4BE23B0886400EEC6D8 /* Project object */ = {
			isa = PBXProject;
			attributes = {
				LastSwiftUpdateCheck = 1130;
				LastUpgradeCheck = 1130;
				ORGANIZATIONNAME = "Justin Gluska";
				TargetAttributes = {
					D0F5A4C523B0886400EEC6D8 = {
						CreatedOnToolsVersion = 11.3;
					};
				};
			};
			buildConfigurationList = D0F5A4C123B0886400EEC6D8 /* Build configuration list for PBXProject "Music Memory" */;
			compatibilityVersion = "Xcode 9.3";
			developmentRegion = en;
			hasScannedForEncodings = 0;
			knownRegions = (
				en,
				Base,
			);
			mainGroup = D0F5A4BD23B0886400EEC6D8;
			productRefGroup = D0F5A4C723B0886400EEC6D8 /* Products */;
			projectDirPath = "";
			projectRoot = "";
			targets = (
				D0F5A4C523B0886400EEC6D8 /* Music Memory */,
			);
		};
/* End PBXProject section */

/* Begin PBXResourcesBuildPhase section */
		D0F5A4C423B0886400EEC6D8 /* Resources */ = {
			isa = PBXResourcesBuildPhase;
			buildActionMask = 2147483647;
			files = (
				D064B09A23C17DBF0047A54E /* Sanchezregular.otf in Resources */,
				D0F5A4D923B0886700EEC6D8 /* LaunchScreen.storyboard in Resources */,
				D09A7F0023E783E800987075 /* miami.mp4 in Resources */,
				D0F5A4D623B0886700EEC6D8 /* Assets.xcassets in Resources */,
				D0F5A4D123B0886400EEC6D8 /* Main.storyboard in Resources */,
				D049F31823C1623C004F7CFE /* help.png in Resources */,
				D0C6194D23BF002800B22506 /* unknownArtwork.png in Resources */,
				D096B11323BEF1E800C857E6 /* splash.png in Resources */,
				D064B09823C178A80047A54E /* blue.mp4 in Resources */,
			);
			runOnlyForDeploymentPostprocessing = 0;
		};
/* End PBXResourcesBuildPhase section */

/* Begin PBXShellScriptBuildPhase section */
		13E190C78B88C1623A2BC518 /* [CP] Check Pods Manifest.lock */ = {
			isa = PBXShellScriptBuildPhase;
			buildActionMask = 2147483647;
			files = (
			);
			inputFileListPaths = (
			);
			inputPaths = (
				"${PODS_PODFILE_DIR_PATH}/Podfile.lock",
				"${PODS_ROOT}/Manifest.lock",
			);
			name = "[CP] Check Pods Manifest.lock";
			outputFileListPaths = (
			);
			outputPaths = (
				"$(DERIVED_FILE_DIR)/Pods-Music Memory-checkManifestLockResult.txt",
			);
			runOnlyForDeploymentPostprocessing = 0;
			shellPath = /bin/sh;
			shellScript = "diff \"${PODS_PODFILE_DIR_PATH}/Podfile.lock\" \"${PODS_ROOT}/Manifest.lock\" > /dev/null\nif [ $? != 0 ] ; then\n    # print error to STDERR\n    echo \"error: The sandbox is not in sync with the Podfile.lock. Run 'pod install' or update your CocoaPods installation.\" >&2\n    exit 1\nfi\n# This output is used by Xcode 'outputs' to avoid re-running this script phase.\necho \"SUCCESS\" > \"${SCRIPT_OUTPUT_FILE_0}\"\n";
			showEnvVarsInLog = 0;
		};
		EEE349EE4678F779C249FF12 /* [CP] Embed Pods Frameworks */ = {
			isa = PBXShellScriptBuildPhase;
			buildActionMask = 2147483647;
			files = (
			);
			inputFileListPaths = (
				"${PODS_ROOT}/Target Support Files/Pods-Music Memory/Pods-Music Memory-frameworks-${CONFIGURATION}-input-files.xcfilelist",
			);
			name = "[CP] Embed Pods Frameworks";
			outputFileListPaths = (
				"${PODS_ROOT}/Target Support Files/Pods-Music Memory/Pods-Music Memory-frameworks-${CONFIGURATION}-output-files.xcfilelist",
			);
			runOnlyForDeploymentPostprocessing = 0;
			shellPath = /bin/sh;
			shellScript = "\"${PODS_ROOT}/Target Support Files/Pods-Music Memory/Pods-Music Memory-frameworks.sh\"\n";
			showEnvVarsInLog = 0;
		};
/* End PBXShellScriptBuildPhase section */

/* Begin PBXSourcesBuildPhase section */
		D0F5A4C223B0886400EEC6D8 /* Sources */ = {
			isa = PBXSourcesBuildPhase;
			buildActionMask = 2147483647;
			files = (
				D0B2088F23B45B5100E361C4 /* InterestCollectionViewCell.swift in Sources */,
				D0F5A4CE23B0886400EEC6D8 /* ViewController.swift in Sources */,
				D095ABBF23C97FC600445B3F /* SettingsViewController.swift in Sources */,
				D0F5A4CA23B0886400EEC6D8 /* AppDelegate.swift in Sources */,
				D0F5A4D423B0886400EEC6D8 /* Music_Memory.xcdatamodeld in Sources */,
				D0133DB423C55668004A6FEA /* InterestsViewController.swift in Sources */,
				D0C7D40023C01217003F8B40 /* sbMainViewController.swift in Sources */,
				D096B11723BEF6F900C857E6 /* PageViewController.swift in Sources */,
				D0F5A4CC23B0886400EEC6D8 /* SceneDelegate.swift in Sources */,
				D0FB853323C189D900AB35E6 /* PermissionViewController.swift in Sources */,
			);
			runOnlyForDeploymentPostprocessing = 0;
		};
/* End PBXSourcesBuildPhase section */

/* Begin PBXVariantGroup section */
		D0F5A4CF23B0886400EEC6D8 /* Main.storyboard */ = {
			isa = PBXVariantGroup;
			children = (
				D0F5A4D023B0886400EEC6D8 /* Base */,
			);
			name = Main.storyboard;
			sourceTree = "<group>";
		};
		D0F5A4D723B0886700EEC6D8 /* LaunchScreen.storyboard */ = {
			isa = PBXVariantGroup;
			children = (
				D0F5A4D823B0886700EEC6D8 /* Base */,
			);
			name = LaunchScreen.storyboard;
			sourceTree = "<group>";
		};
/* End PBXVariantGroup section */

/* Begin XCBuildConfiguration section */
		D0F5A4DB23B0886700EEC6D8 /* Debug */ = {
			isa = XCBuildConfiguration;
			buildSettings = {
				ALWAYS_SEARCH_USER_PATHS = NO;
				CLANG_ANALYZER_NONNULL = YES;
				CLANG_ANALYZER_NUMBER_OBJECT_CONVERSION = YES_AGGRESSIVE;
				CLANG_CXX_LANGUAGE_STANDARD = "gnu++14";
				CLANG_CXX_LIBRARY = "libc++";
				CLANG_ENABLE_MODULES = YES;
				CLANG_ENABLE_OBJC_ARC = YES;
				CLANG_ENABLE_OBJC_WEAK = YES;
				CLANG_WARN_BLOCK_CAPTURE_AUTORELEASING = YES;
				CLANG_WARN_BOOL_CONVERSION = YES;
				CLANG_WARN_COMMA = YES;
				CLANG_WARN_CONSTANT_CONVERSION = YES;
				CLANG_WARN_DEPRECATED_OBJC_IMPLEMENTATIONS = YES;
				CLANG_WARN_DIRECT_OBJC_ISA_USAGE = YES_ERROR;
				CLANG_WARN_DOCUMENTATION_COMMENTS = YES;
				CLANG_WARN_EMPTY_BODY = YES;
				CLANG_WARN_ENUM_CONVERSION = YES;
				CLANG_WARN_INFINITE_RECURSION = YES;
				CLANG_WARN_INT_CONVERSION = YES;
				CLANG_WARN_NON_LITERAL_NULL_CONVERSION = YES;
				CLANG_WARN_OBJC_IMPLICIT_RETAIN_SELF = YES;
				CLANG_WARN_OBJC_LITERAL_CONVERSION = YES;
				CLANG_WARN_OBJC_ROOT_CLASS = YES_ERROR;
				CLANG_WARN_RANGE_LOOP_ANALYSIS = YES;
				CLANG_WARN_STRICT_PROTOTYPES = YES;
				CLANG_WARN_SUSPICIOUS_MOVE = YES;
				CLANG_WARN_UNGUARDED_AVAILABILITY = YES_AGGRESSIVE;
				CLANG_WARN_UNREACHABLE_CODE = YES;
				CLANG_WARN__DUPLICATE_METHOD_MATCH = YES;
				COPY_PHASE_STRIP = NO;
				DEBUG_INFORMATION_FORMAT = dwarf;
				ENABLE_STRICT_OBJC_MSGSEND = YES;
				ENABLE_TESTABILITY = YES;
				GCC_C_LANGUAGE_STANDARD = gnu11;
				GCC_DYNAMIC_NO_PIC = NO;
				GCC_NO_COMMON_BLOCKS = YES;
				GCC_OPTIMIZATION_LEVEL = 0;
				GCC_PREPROCESSOR_DEFINITIONS = (
					"DEBUG=1",
					"$(inherited)",
				);
				GCC_WARN_64_TO_32_BIT_CONVERSION = YES;
				GCC_WARN_ABOUT_RETURN_TYPE = YES_ERROR;
				GCC_WARN_UNDECLARED_SELECTOR = YES;
				GCC_WARN_UNINITIALIZED_AUTOS = YES_AGGRESSIVE;
				GCC_WARN_UNUSED_FUNCTION = YES;
				GCC_WARN_UNUSED_VARIABLE = YES;
				IPHONEOS_DEPLOYMENT_TARGET = 13.0;
				MTL_ENABLE_DEBUG_INFO = INCLUDE_SOURCE;
				MTL_FAST_MATH = YES;
				ONLY_ACTIVE_ARCH = YES;
				SDKROOT = iphoneos;
				SWIFT_ACTIVE_COMPILATION_CONDITIONS = DEBUG;
				SWIFT_OPTIMIZATION_LEVEL = "-Onone";
			};
			name = Debug;
		};
		D0F5A4DC23B0886700EEC6D8 /* Release */ = {
			isa = XCBuildConfiguration;
			buildSettings = {
				ALWAYS_SEARCH_USER_PATHS = NO;
				CLANG_ANALYZER_NONNULL = YES;
				CLANG_ANALYZER_NUMBER_OBJECT_CONVERSION = YES_AGGRESSIVE;
				CLANG_CXX_LANGUAGE_STANDARD = "gnu++14";
				CLANG_CXX_LIBRARY = "libc++";
				CLANG_ENABLE_MODULES = YES;
				CLANG_ENABLE_OBJC_ARC = YES;
				CLANG_ENABLE_OBJC_WEAK = YES;
				CLANG_WARN_BLOCK_CAPTURE_AUTORELEASING = YES;
				CLANG_WARN_BOOL_CONVERSION = YES;
				CLANG_WARN_COMMA = YES;
				CLANG_WARN_CONSTANT_CONVERSION = YES;
				CLANG_WARN_DEPRECATED_OBJC_IMPLEMENTATIONS = YES;
				CLANG_WARN_DIRECT_OBJC_ISA_USAGE = YES_ERROR;
				CLANG_WARN_DOCUMENTATION_COMMENTS = YES;
				CLANG_WARN_EMPTY_BODY = YES;
				CLANG_WARN_ENUM_CONVERSION = YES;
				CLANG_WARN_INFINITE_RECURSION = YES;
				CLANG_WARN_INT_CONVERSION = YES;
				CLANG_WARN_NON_LITERAL_NULL_CONVERSION = YES;
				CLANG_WARN_OBJC_IMPLICIT_RETAIN_SELF = YES;
				CLANG_WARN_OBJC_LITERAL_CONVERSION = YES;
				CLANG_WARN_OBJC_ROOT_CLASS = YES_ERROR;
				CLANG_WARN_RANGE_LOOP_ANALYSIS = YES;
				CLANG_WARN_STRICT_PROTOTYPES = YES;
				CLANG_WARN_SUSPICIOUS_MOVE = YES;
				CLANG_WARN_UNGUARDED_AVAILABILITY = YES_AGGRESSIVE;
				CLANG_WARN_UNREACHABLE_CODE = YES;
				CLANG_WARN__DUPLICATE_METHOD_MATCH = YES;
				COPY_PHASE_STRIP = NO;
				DEBUG_INFORMATION_FORMAT = "dwarf-with-dsym";
				ENABLE_NS_ASSERTIONS = NO;
				ENABLE_STRICT_OBJC_MSGSEND = YES;
				GCC_C_LANGUAGE_STANDARD = gnu11;
				GCC_NO_COMMON_BLOCKS = YES;
				GCC_WARN_64_TO_32_BIT_CONVERSION = YES;
				GCC_WARN_ABOUT_RETURN_TYPE = YES_ERROR;
				GCC_WARN_UNDECLARED_SELECTOR = YES;
				GCC_WARN_UNINITIALIZED_AUTOS = YES_AGGRESSIVE;
				GCC_WARN_UNUSED_FUNCTION = YES;
				GCC_WARN_UNUSED_VARIABLE = YES;
				IPHONEOS_DEPLOYMENT_TARGET = 13.0;
				MTL_ENABLE_DEBUG_INFO = NO;
				MTL_FAST_MATH = YES;
				SDKROOT = iphoneos;
				SWIFT_COMPILATION_MODE = wholemodule;
				SWIFT_OPTIMIZATION_LEVEL = "-O";
				VALIDATE_PRODUCT = YES;
			};
			name = Release;
		};
		D0F5A4DE23B0886700EEC6D8 /* Debug */ = {
			isa = XCBuildConfiguration;
			baseConfigurationReference = AFC2C7558529CCB04711A1BA /* Pods-Music Memory.debug.xcconfig */;
			buildSettings = {
				ASSETCATALOG_COMPILER_APPICON_NAME = AppIcon;
				CODE_SIGN_IDENTITY = "Apple Development";
				CODE_SIGN_STYLE = Automatic;
				CURRENT_PROJECT_VERSION = 1;
				DEVELOPMENT_TEAM = 52GURPQBA2;
				INFOPLIST_FILE = "Music Memory/Info.plist";
				LD_RUNPATH_SEARCH_PATHS = (
					"$(inherited)",
					"@executable_path/Frameworks",
				);
				MARKETING_VERSION = 1.1;
				PRODUCT_BUNDLE_IDENTIFIER = "com.justingluska.Music-Memory";
				PRODUCT_NAME = "Music Hop";
				PROVISIONING_PROFILE_SPECIFIER = "";
				SWIFT_VERSION = 5.0;
				TARGETED_DEVICE_FAMILY = 1;
			};
			name = Debug;
		};
		D0F5A4DF23B0886700EEC6D8 /* Release */ = {
			isa = XCBuildConfiguration;
			baseConfigurationReference = DE403E47C635DAC3E9AAB42D /* Pods-Music Memory.release.xcconfig */;
			buildSettings = {
				ASSETCATALOG_COMPILER_APPICON_NAME = AppIcon;
				CODE_SIGN_IDENTITY = "Apple Development";
				CODE_SIGN_STYLE = Automatic;
				CURRENT_PROJECT_VERSION = 1;
				DEVELOPMENT_TEAM = 52GURPQBA2;
				INFOPLIST_FILE = "Music Memory/Info.plist";
				LD_RUNPATH_SEARCH_PATHS = (
					"$(inherited)",
					"@executable_path/Frameworks",
				);
				MARKETING_VERSION = 1.1;
				PRODUCT_BUNDLE_IDENTIFIER = "com.justingluska.Music-Memory";
				PRODUCT_NAME = "Music Hop";
				PROVISIONING_PROFILE_SPECIFIER = "";
				SWIFT_VERSION = 5.0;
				TARGETED_DEVICE_FAMILY = 1;
			};
			name = Release;
		};
/* End XCBuildConfiguration section */

/* Begin XCConfigurationList section */
		D0F5A4C123B0886400EEC6D8 /* Build configuration list for PBXProject "Music Memory" */ = {
			isa = XCConfigurationList;
			buildConfigurations = (
				D0F5A4DB23B0886700EEC6D8 /* Debug */,
				D0F5A4DC23B0886700EEC6D8 /* Release */,
			);
			defaultConfigurationIsVisible = 0;
			defaultConfigurationName = Release;
		};
		D0F5A4DD23B0886700EEC6D8 /* Build configuration list for PBXNativeTarget "Music Memory" */ = {
			isa = XCConfigurationList;
			buildConfigurations = (
				D0F5A4DE23B0886700EEC6D8 /* Debug */,
				D0F5A4DF23B0886700EEC6D8 /* Release */,
			);
			defaultConfigurationIsVisible = 0;
			defaultConfigurationName = Release;
		};
/* End XCConfigurationList section */

/* Begin XCVersionGroup section */
		D0F5A4D223B0886400EEC6D8 /* Music_Memory.xcdatamodeld */ = {
			isa = XCVersionGroup;
			children = (
				D0F5A4D323B0886400EEC6D8 /* Music_Memory.xcdatamodel */,
			);
			currentVersion = D0F5A4D323B0886400EEC6D8 /* Music_Memory.xcdatamodel */;
			path = Music_Memory.xcdatamodeld;
			sourceTree = "<group>";
			versionGroupType = wrapper.xcdatamodel;
		};
/* End XCVersionGroup section */
	};
	rootObject = D0F5A4BE23B0886400EEC6D8 /* Project object */;
}
